
Microsoft Visual Studio Solution File, Format Version 12.00
# Visual Studio 15
VisualStudioVersion = 15.0.27004.2005
MinimumVisualStudioVersion = 10.0.40219.1
Project("{FAE04EC0-301F-11D3-BF4B-00C04F79EFBC}") = "NeuralNetwork.CommonComponents", "NeuralNetworkCommonComponents\NeuralNetwork.CommonComponents.csproj", "{F82C5B23-ACEE-4B3F-B026-5B7309C47603}"
EndProject
Project("{FAE04EC0-301F-11D3-BF4B-00C04F79EFBC}") = "NeuralNetwork.Core", "NeuralNetwork.Core\NeuralNetwork.Core.csproj", "{4D773ED0-2656-49B5-B754-CCC3175D6C8A}"
EndProject
Project("{FAE04EC0-301F-11D3-BF4B-00C04F79EFBC}") = "LinearAlgebra", "LinearAlgebra\LinearAlgebra.csproj", "{B9E981C6-26AC-44AF-AAF4-E732561437AB}"
EndProject
Project("{FAE04EC0-301F-11D3-BF4B-00C04F79EFBC}") = "NeuralNetwork.DataSet", "NeuralNetwork.DataSet\NeuralNetwork.DataSet.csproj", "{E5D28CE1-4BB8-4D12-A8A0-D7097DD20D71}"
EndProject
Project("{FAE04EC0-301F-11D3-BF4B-00C04F79EFBC}") = "NeuralNetwork.Network", "NeuralNetwork.Network\NeuralNetwork.Network.csproj", "{26BCB268-5DA8-4512-AB61-E9447A1CB79B}"
EndProject
Project("{FAE04EC0-301F-11D3-BF4B-00C04F79EFBC}") = "NeuralNetwork.ConsoleUI", "NeuralNetwork.ConsoleUI\NeuralNetwork.ConsoleUI.csproj", "{5B6F5976-CA26-477F-8882-5E15DF3A88AA}"
EndProject
Project("{FAE04EC0-301F-11D3-BF4B-00C04F79EFBC}") = "NeuralNetwork.XMLService", "NeuralNetwork.XMLService\NeuralNetwork.XMLService.csproj", "{CD93ADD4-A6A7-4C17-A39D-FE8EF11D9FFC}"
EndProject
Global
	GlobalSection(SolutionConfigurationPlatforms) = preSolution
		Debug|Any CPU = Debug|Any CPU
		Release|Any CPU = Release|Any CPU
	EndGlobalSection
	GlobalSection(ProjectConfigurationPlatforms) = postSolution
		{F82C5B23-ACEE-4B3F-B026-5B7309C47603}.Debug|Any CPU.ActiveCfg = Debug|Any CPU
		{F82C5B23-ACEE-4B3F-B026-5B7309C47603}.Debug|Any CPU.Build.0 = Debug|Any CPU
		{F82C5B23-ACEE-4B3F-B026-5B7309C47603}.Release|Any CPU.ActiveCfg = Release|Any CPU
		{F82C5B23-ACEE-4B3F-B026-5B7309C47603}.Release|Any CPU.Build.0 = Release|Any CPU
		{4D773ED0-2656-49B5-B754-CCC3175D6C8A}.Debug|Any CPU.ActiveCfg = Debug|Any CPU
		{4D773ED0-2656-49B5-B754-CCC3175D6C8A}.Debug|Any CPU.Build.0 = Debug|Any CPU
		{4D773ED0-2656-49B5-B754-CCC3175D6C8A}.Release|Any CPU.ActiveCfg = Release|Any CPU
		{4D773ED0-2656-49B5-B754-CCC3175D6C8A}.Release|Any CPU.Build.0 = Release|Any CPU
		{B9E981C6-26AC-44AF-AAF4-E732561437AB}.Debug|Any CPU.ActiveCfg = Debug|Any CPU
		{B9E981C6-26AC-44AF-AAF4-E732561437AB}.Debug|Any CPU.Build.0 = Debug|Any CPU
		{B9E981C6-26AC-44AF-AAF4-E732561437AB}.Release|Any CPU.ActiveCfg = Release|Any CPU
		{B9E981C6-26AC-44AF-AAF4-E732561437AB}.Release|Any CPU.Build.0 = Release|Any CPU
		{E5D28CE1-4BB8-4D12-A8A0-D7097DD20D71}.Debug|Any CPU.ActiveCfg = Debug|Any CPU
		{E5D28CE1-4BB8-4D12-A8A0-D7097DD20D71}.Debug|Any CPU.Build.0 = Debug|Any CPU
		{E5D28CE1-4BB8-4D12-A8A0-D7097DD20D71}.Release|Any CPU.ActiveCfg = Release|Any CPU
		{E5D28CE1-4BB8-4D12-A8A0-D7097DD20D71}.Release|Any CPU.Build.0 = Release|Any CPU
		{26BCB268-5DA8-4512-AB61-E9447A1CB79B}.Debug|Any CPU.ActiveCfg = Debug|Any CPU
		{26BCB268-5DA8-4512-AB61-E9447A1CB79B}.Debug|Any CPU.Build.0 = Debug|Any CPU
		{26BCB268-5DA8-4512-AB61-E9447A1CB79B}.Release|Any CPU.ActiveCfg = Release|Any CPU
		{26BCB268-5DA8-4512-AB61-E9447A1CB79B}.Release|Any CPU.Build.0 = Release|Any CPU
		{5B6F5976-CA26-477F-8882-5E15DF3A88AA}.Debug|Any CPU.ActiveCfg = Debug|Any CPU
		{5B6F5976-CA26-477F-8882-5E15DF3A88AA}.Debug|Any CPU.Build.0 = Debug|Any CPU
		{5B6F5976-CA26-477F-8882-5E15DF3A88AA}.Release|Any CPU.ActiveCfg = Release|Any CPU
		{5B6F5976-CA26-477F-8882-5E15DF3A88AA}.Release|Any CPU.Build.0 = Release|Any CPU
		{CD93ADD4-A6A7-4C17-A39D-FE8EF11D9FFC}.Debug|Any CPU.ActiveCfg = Debug|Any CPU
		{CD93ADD4-A6A7-4C17-A39D-FE8EF11D9FFC}.Debug|Any CPU.Build.0 = Debug|Any CPU
		{CD93ADD4-A6A7-4C17-A39D-FE8EF11D9FFC}.Release|Any CPU.ActiveCfg = Release|Any CPU
		{CD93ADD4-A6A7-4C17-A39D-FE8EF11D9FFC}.Release|Any CPU.Build.0 = Release|Any CPU
	EndGlobalSection
	GlobalSection(SolutionProperties) = preSolution
		HideSolutionNode = FALSE
	EndGlobalSection
	GlobalSection(ExtensibilityGlobals) = postSolution
		SolutionGuid = {03F7AE47-BAB3-4B65-AF96-30FD29FB4237}
	EndGlobalSection
EndGlobal
